
Microsoft Visual Studio Solution File, Format Version 12.00
# Visual Studio Version 17
VisualStudioVersion = 17.0.31903.59
MinimumVisualStudioVersion = 10.0.40219.1
Project("{9A19103F-16F7-4668-BE54-9A1E7A4F7556}") = "DataAccess", "DataAccess\DataAccess.csproj", "{7CDFEEFE-4E4C-4653-978D-1BA9DE18FCC3}"
EndProject
Project("{9A19103F-16F7-4668-BE54-9A1E7A4F7556}") = "Business", "Business\Business.csproj", "{88EE6E39-A194-4F15-B52F-E1FCE734A7D2}"
EndProject
Project("{9A19103F-16F7-4668-BE54-9A1E7A4F7556}") = "Entities", "Entities\Entities.csproj", "{011DB03B-61C3-405C-BC7E-E6130E0CB20E}"
EndProject
Project("{9A19103F-16F7-4668-BE54-9A1E7A4F7556}") = "ConsoleUI", "ConsoleUI\ConsoleUI.csproj", "{A594D3B0-290E-4EEB-BCB4-46A1F43D1670}"
EndProject
Project("{FAE04EC0-301F-11D3-BF4B-00C04F79EFBC}") = "Core", "Core\Core.csproj", "{EB041270-09BA-4B22-A533-096709ECE472}"
EndProject
Global
	GlobalSection(SolutionConfigurationPlatforms) = preSolution
		Debug|Any CPU = Debug|Any CPU
		Release|Any CPU = Release|Any CPU
	EndGlobalSection
	GlobalSection(ProjectConfigurationPlatforms) = postSolution
		{7CDFEEFE-4E4C-4653-978D-1BA9DE18FCC3}.Debug|Any CPU.ActiveCfg = Debug|Any CPU
		{7CDFEEFE-4E4C-4653-978D-1BA9DE18FCC3}.Debug|Any CPU.Build.0 = Debug|Any CPU
		{7CDFEEFE-4E4C-4653-978D-1BA9DE18FCC3}.Release|Any CPU.ActiveCfg = Release|Any CPU
		{7CDFEEFE-4E4C-4653-978D-1BA9DE18FCC3}.Release|Any CPU.Build.0 = Release|Any CPU
		{88EE6E39-A194-4F15-B52F-E1FCE734A7D2}.Debug|Any CPU.ActiveCfg = Debug|Any CPU
		{88EE6E39-A194-4F15-B52F-E1FCE734A7D2}.Debug|Any CPU.Build.0 = Debug|Any CPU
		{88EE6E39-A194-4F15-B52F-E1FCE734A7D2}.Release|Any CPU.ActiveCfg = Release|Any CPU
		{88EE6E39-A194-4F15-B52F-E1FCE734A7D2}.Release|Any CPU.Build.0 = Release|Any CPU
		{011DB03B-61C3-405C-BC7E-E6130E0CB20E}.Debug|Any CPU.ActiveCfg = Debug|Any CPU
		{011DB03B-61C3-405C-BC7E-E6130E0CB20E}.Debug|Any CPU.Build.0 = Debug|Any CPU
		{011DB03B-61C3-405C-BC7E-E6130E0CB20E}.Release|Any CPU.ActiveCfg = Release|Any CPU
		{011DB03B-61C3-405C-BC7E-E6130E0CB20E}.Release|Any CPU.Build.0 = Release|Any CPU
		{A594D3B0-290E-4EEB-BCB4-46A1F43D1670}.Debug|Any CPU.ActiveCfg = Debug|Any CPU
		{A594D3B0-290E-4EEB-BCB4-46A1F43D1670}.Debug|Any CPU.Build.0 = Debug|Any CPU
		{A594D3B0-290E-4EEB-BCB4-46A1F43D1670}.Release|Any CPU.ActiveCfg = Release|Any CPU
		{A594D3B0-290E-4EEB-BCB4-46A1F43D1670}.Release|Any CPU.Build.0 = Release|Any CPU
		{EB041270-09BA-4B22-A533-096709ECE472}.Debug|Any CPU.ActiveCfg = Debug|Any CPU
		{EB041270-09BA-4B22-A533-096709ECE472}.Debug|Any CPU.Build.0 = Debug|Any CPU
		{EB041270-09BA-4B22-A533-096709ECE472}.Release|Any CPU.ActiveCfg = Release|Any CPU
		{EB041270-09BA-4B22-A533-096709ECE472}.Release|Any CPU.Build.0 = Release|Any CPU
	EndGlobalSection
	GlobalSection(SolutionProperties) = preSolution
		HideSolutionNode = FALSE
	EndGlobalSection
	GlobalSection(ExtensibilityGlobals) = postSolution
		SolutionGuid = {56286E4E-8815-4069-9010-634BAFC2B59C}
	EndGlobalSection
EndGlobal
